
Microsoft Visual Studio Solution File, Format Version 12.00
# Visual Studio Version 17
VisualStudioVersion = 17.8.34330.188
MinimumVisualStudioVersion = 10.0.40219.1
Project("{FAE04EC0-301F-11D3-BF4B-00C04F79EFBC}") = "Earleytech", "Earleytech.csproj", "{D1B5DC5A-AC6C-426D-94E3-AE698538F57F}"
EndProject
Global
	GlobalSection(SolutionConfigurationPlatforms) = preSolution
		Debug|Any CPU = Debug|Any CPU
		Release|Any CPU = Release|Any CPU
	EndGlobalSection
	GlobalSection(ProjectConfigurationPlatforms) = postSolution
		{D1B5DC5A-AC6C-426D-94E3-AE698538F57F}.Debug|Any CPU.ActiveCfg = Debug|Any CPU
		{D1B5DC5A-AC6C-426D-94E3-AE698538F57F}.Debug|Any CPU.Build.0 = Debug|Any CPU
		{D1B5DC5A-AC6C-426D-94E3-AE698538F57F}.Release|Any CPU.ActiveCfg = Release|Any CPU
		{D1B5DC5A-AC6C-426D-94E3-AE698538F57F}.Release|Any CPU.Build.0 = Release|Any CPU
	EndGlobalSection
	GlobalSection(SolutionProperties) = preSolution
		HideSolutionNode = FALSE
	EndGlobalSection
	GlobalSection(ExtensibilityGlobals) = postSolution
		SolutionGuid = {08060016-3C72-4BF3-8710-F1C7381A5200}
	EndGlobalSection
EndGlobal
